
Microsoft Visual Studio Solution File, Format Version 12.00
# Visual Studio Version 16
VisualStudioVersion = 16.6.30114.105
MinimumVisualStudioVersion = 10.0.40219.1
Project("{FAE04EC0-301F-11D3-BF4B-00C04F79EFBC}") = "API", "API\API.csproj", "{D324F977-FF3E-4787-8929-FA53AA99859A}"
EndProject
Project("{FAE04EC0-301F-11D3-BF4B-00C04F79EFBC}") = "Application", "Application\Application.csproj", "{576A7732-663A-4B27-A4D7-5D7AF188B67E}"
EndProject
Project("{FAE04EC0-301F-11D3-BF4B-00C04F79EFBC}") = "Persistence", "Persistence\Persistence.csproj", "{EEC58712-F68E-429F-861E-7FC8F8C3BCF5}"
EndProject
Project("{FAE04EC0-301F-11D3-BF4B-00C04F79EFBC}") = "Domain", "Domain\Domain.csproj", "{557D1B89-1CC5-4245-A8D6-D3950714D17B}"
EndProject
Project("{FAE04EC0-301F-11D3-BF4B-00C04F79EFBC}") = "Infrastructure", "Infrastructure\Infrastructure.csproj", "{FD35E9C6-376B-49F4-90A3-1FEE3C36FD73}"
EndProject
Global
	GlobalSection(SolutionConfigurationPlatforms) = preSolution
		Debug|Any CPU = Debug|Any CPU
		Debug|x64 = Debug|x64
		Debug|x86 = Debug|x86
		Release|Any CPU = Release|Any CPU
		Release|x64 = Release|x64
		Release|x86 = Release|x86
	EndGlobalSection
	GlobalSection(SolutionProperties) = preSolution
		HideSolutionNode = FALSE
	EndGlobalSection
	GlobalSection(ProjectConfigurationPlatforms) = postSolution
		{D324F977-FF3E-4787-8929-FA53AA99859A}.Debug|Any CPU.ActiveCfg = Debug|Any CPU
		{D324F977-FF3E-4787-8929-FA53AA99859A}.Debug|Any CPU.Build.0 = Debug|Any CPU
		{D324F977-FF3E-4787-8929-FA53AA99859A}.Debug|x64.ActiveCfg = Debug|Any CPU
		{D324F977-FF3E-4787-8929-FA53AA99859A}.Debug|x64.Build.0 = Debug|Any CPU
		{D324F977-FF3E-4787-8929-FA53AA99859A}.Debug|x86.ActiveCfg = Debug|Any CPU
		{D324F977-FF3E-4787-8929-FA53AA99859A}.Debug|x86.Build.0 = Debug|Any CPU
		{D324F977-FF3E-4787-8929-FA53AA99859A}.Release|Any CPU.ActiveCfg = Release|Any CPU
		{D324F977-FF3E-4787-8929-FA53AA99859A}.Release|Any CPU.Build.0 = Release|Any CPU
		{D324F977-FF3E-4787-8929-FA53AA99859A}.Release|x64.ActiveCfg = Release|Any CPU
		{D324F977-FF3E-4787-8929-FA53AA99859A}.Release|x64.Build.0 = Release|Any CPU
		{D324F977-FF3E-4787-8929-FA53AA99859A}.Release|x86.ActiveCfg = Release|Any CPU
		{D324F977-FF3E-4787-8929-FA53AA99859A}.Release|x86.Build.0 = Release|Any CPU
		{576A7732-663A-4B27-A4D7-5D7AF188B67E}.Debug|Any CPU.ActiveCfg = Debug|Any CPU
		{576A7732-663A-4B27-A4D7-5D7AF188B67E}.Debug|Any CPU.Build.0 = Debug|Any CPU
		{576A7732-663A-4B27-A4D7-5D7AF188B67E}.Debug|x64.ActiveCfg = Debug|Any CPU
		{576A7732-663A-4B27-A4D7-5D7AF188B67E}.Debug|x64.Build.0 = Debug|Any CPU
		{576A7732-663A-4B27-A4D7-5D7AF188B67E}.Debug|x86.ActiveCfg = Debug|Any CPU
		{576A7732-663A-4B27-A4D7-5D7AF188B67E}.Debug|x86.Build.0 = Debug|Any CPU
		{576A7732-663A-4B27-A4D7-5D7AF188B67E}.Release|Any CPU.ActiveCfg = Release|Any CPU
		{576A7732-663A-4B27-A4D7-5D7AF188B67E}.Release|Any CPU.Build.0 = Release|Any CPU
		{576A7732-663A-4B27-A4D7-5D7AF188B67E}.Release|x64.ActiveCfg = Release|Any CPU
		{576A7732-663A-4B27-A4D7-5D7AF188B67E}.Release|x64.Build.0 = Release|Any CPU
		{576A7732-663A-4B27-A4D7-5D7AF188B67E}.Release|x86.ActiveCfg = Release|Any CPU
		{576A7732-663A-4B27-A4D7-5D7AF188B67E}.Release|x86.Build.0 = Release|Any CPU
		{EEC58712-F68E-429F-861E-7FC8F8C3BCF5}.Debug|Any CPU.ActiveCfg = Debug|Any CPU
		{EEC58712-F68E-429F-861E-7FC8F8C3BCF5}.Debug|Any CPU.Build.0 = Debug|Any CPU
		{EEC58712-F68E-429F-861E-7FC8F8C3BCF5}.Debug|x64.ActiveCfg = Debug|Any CPU
		{EEC58712-F68E-429F-861E-7FC8F8C3BCF5}.Debug|x64.Build.0 = Debug|Any CPU
		{EEC58712-F68E-429F-861E-7FC8F8C3BCF5}.Debug|x86.ActiveCfg = Debug|Any CPU
		{EEC58712-F68E-429F-861E-7FC8F8C3BCF5}.Debug|x86.Build.0 = Debug|Any CPU
		{EEC58712-F68E-429F-861E-7FC8F8C3BCF5}.Release|Any CPU.ActiveCfg = Release|Any CPU
		{EEC58712-F68E-429F-861E-7FC8F8C3BCF5}.Release|Any CPU.Build.0 = Release|Any CPU
		{EEC58712-F68E-429F-861E-7FC8F8C3BCF5}.Release|x64.ActiveCfg = Release|Any CPU
		{EEC58712-F68E-429F-861E-7FC8F8C3BCF5}.Release|x64.Build.0 = Release|Any CPU
		{EEC58712-F68E-429F-861E-7FC8F8C3BCF5}.Release|x86.ActiveCfg = Release|Any CPU
		{EEC58712-F68E-429F-861E-7FC8F8C3BCF5}.Release|x86.Build.0 = Release|Any CPU
		{557D1B89-1CC5-4245-A8D6-D3950714D17B}.Debug|Any CPU.ActiveCfg = Debug|Any CPU
		{557D1B89-1CC5-4245-A8D6-D3950714D17B}.Debug|Any CPU.Build.0 = Debug|Any CPU
		{557D1B89-1CC5-4245-A8D6-D3950714D17B}.Debug|x64.ActiveCfg = Debug|Any CPU
		{557D1B89-1CC5-4245-A8D6-D3950714D17B}.Debug|x64.Build.0 = Debug|Any CPU
		{557D1B89-1CC5-4245-A8D6-D3950714D17B}.Debug|x86.ActiveCfg = Debug|Any CPU
		{557D1B89-1CC5-4245-A8D6-D3950714D17B}.Debug|x86.Build.0 = Debug|Any CPU
		{557D1B89-1CC5-4245-A8D6-D3950714D17B}.Release|Any CPU.ActiveCfg = Release|Any CPU
		{557D1B89-1CC5-4245-A8D6-D3950714D17B}.Release|Any CPU.Build.0 = Release|Any CPU
		{557D1B89-1CC5-4245-A8D6-D3950714D17B}.Release|x64.ActiveCfg = Release|Any CPU
		{557D1B89-1CC5-4245-A8D6-D3950714D17B}.Release|x64.Build.0 = Release|Any CPU
		{557D1B89-1CC5-4245-A8D6-D3950714D17B}.Release|x86.ActiveCfg = Release|Any CPU
		{557D1B89-1CC5-4245-A8D6-D3950714D17B}.Release|x86.Build.0 = Release|Any CPU
		{FD35E9C6-376B-49F4-90A3-1FEE3C36FD73}.Debug|Any CPU.ActiveCfg = Debug|Any CPU
		{FD35E9C6-376B-49F4-90A3-1FEE3C36FD73}.Debug|Any CPU.Build.0 = Debug|Any CPU
		{FD35E9C6-376B-49F4-90A3-1FEE3C36FD73}.Debug|x64.ActiveCfg = Debug|Any CPU
		{FD35E9C6-376B-49F4-90A3-1FEE3C36FD73}.Debug|x64.Build.0 = Debug|Any CPU
		{FD35E9C6-376B-49F4-90A3-1FEE3C36FD73}.Debug|x86.ActiveCfg = Debug|Any CPU
		{FD35E9C6-376B-49F4-90A3-1FEE3C36FD73}.Debug|x86.Build.0 = Debug|Any CPU
		{FD35E9C6-376B-49F4-90A3-1FEE3C36FD73}.Release|Any CPU.ActiveCfg = Release|Any CPU
		{FD35E9C6-376B-49F4-90A3-1FEE3C36FD73}.Release|Any CPU.Build.0 = Release|Any CPU
		{FD35E9C6-376B-49F4-90A3-1FEE3C36FD73}.Release|x64.ActiveCfg = Release|Any CPU
		{FD35E9C6-376B-49F4-90A3-1FEE3C36FD73}.Release|x64.Build.0 = Release|Any CPU
		{FD35E9C6-376B-49F4-90A3-1FEE3C36FD73}.Release|x86.ActiveCfg = Release|Any CPU
		{FD35E9C6-376B-49F4-90A3-1FEE3C36FD73}.Release|x86.Build.0 = Release|Any CPU
	EndGlobalSection
EndGlobal
